{
    "version": 3,
    "terraform_version": "0.11.13",
    "serial": 4,
    "lineage": "1124a4d7-2f00-3991-c7a5-884c15741c61",
    "modules": [
        {
            "path": [
                "root"
            ],
            "outputs": {},
            "resources": {
                "docker_image.mysql_image": {
                    "type": "docker_image",
                    "depends_on": [],
                    "primary": {
                        "id": "sha256:c4f186b9e038c856c5fb5f6b27ca106db3cc064594b7e5706d0350a3ab6220dbmysql:5.7",
                        "attributes": {
                            "id": "sha256:c4f186b9e038c856c5fb5f6b27ca106db3cc064594b7e5706d0350a3ab6220dbmysql:5.7",
                            "latest": "sha256:c4f186b9e038c856c5fb5f6b27ca106db3cc064594b7e5706d0350a3ab6220db",
                            "name": "mysql:5.7"
                        },
                        "meta": {},
                        "tainted": false
                    },
                    "deposed": [],
                    "provider": "provider.docker"
                },
                "docker_volume.mysql_data_volume": {
                    "type": "docker_volume",
                    "depends_on": [],
                    "primary": {
                        "id": "mysql_data",
                        "attributes": {
                            "driver": "local",
                            "driver_opts.%": "0",
                            "id": "mysql_data",
                            "labels.%": "0",
                            "mountpoint": "/var/lib/docker/volumes/mysql_data/_data",
                            "name": "mysql_data"
                        },
                        "meta": {},
                        "tainted": false
                    },
                    "deposed": [],
                    "provider": "provider.docker"
                }
            },
            "depends_on": []
        }
    ]
}
