{
    "version": 3,
    "terraform_version": "0.11.13",
    "serial": 29,
    "lineage": "7caa25f6-46cd-cbb9-5fb7-e7f11dbb9684",
    "modules": [
        {
            "path": [
                "root"
            ],
            "outputs": {
                "container_name": {
                    "sensitive": false,
                    "type": "string",
                    "value": "blog_dev"
                },
                "ip_address": {
                    "sensitive": false,
                    "type": "string",
                    "value": "172.17.0.2"
                }
            },
            "resources": {
                "docker_container.container_id": {
                    "type": "docker_container",
                    "depends_on": [
                        "docker_image.image_id"
                    ],
                    "primary": {
                        "id": "687fa81e249f11b24221c152ec634759dc0db82132df7065aa24a9897e9da475",
                        "attributes": {
                            "attach": "false",
                            "bridge": "",
                            "gateway": "172.17.0.1",
                            "id": "687fa81e249f11b24221c152ec634759dc0db82132df7065aa24a9897e9da475",
                            "image": "sha256:21e20167a7cdfdf427e2921aa3a234078e5798c57282688ceec3afc1eefbcea5",
                            "ip_address": "172.17.0.2",
                            "ip_prefix_length": "16",
                            "log_driver": "json-file",
                            "logs": "false",
                            "must_run": "true",
                            "name": "blog_dev",
                            "network_data.#": "1",
                            "network_data.0.gateway": "172.17.0.1",
                            "network_data.0.ip_address": "172.17.0.2",
                            "network_data.0.ip_prefix_length": "16",
                            "network_data.0.network_name": "bridge",
                            "ports.#": "1",
                            "ports.0.external": "8081",
                            "ports.0.internal": "2368",
                            "ports.0.ip": "0.0.0.0",
                            "ports.0.protocol": "tcp",
                            "read_only": "false",
                            "restart": "no",
                            "rm": "false",
                            "start": "true"
                        },
                        "meta": {
                            "schema_version": "1"
                        },
                        "tainted": false
                    },
                    "deposed": [],
                    "provider": "provider.docker"
                },
                "docker_image.image_id": {
                    "type": "docker_image",
                    "depends_on": [],
                    "primary": {
                        "id": "sha256:21e20167a7cdfdf427e2921aa3a234078e5798c57282688ceec3afc1eefbcea5ghost:latest",
                        "attributes": {
                            "id": "sha256:21e20167a7cdfdf427e2921aa3a234078e5798c57282688ceec3afc1eefbcea5ghost:latest",
                            "latest": "sha256:21e20167a7cdfdf427e2921aa3a234078e5798c57282688ceec3afc1eefbcea5",
                            "name": "ghost:latest"
                        },
                        "meta": {},
                        "tainted": false
                    },
                    "deposed": [],
                    "provider": "provider.docker"
                }
            },
            "depends_on": []
        }
    ]
}
