{
    "version": 3,
    "terraform_version": "0.11.13",
    "serial": 3,
    "lineage": "d2914df0-7f4d-cd11-82e9-eb74de4998e8",
    "modules": [
        {
            "path": [
                "root"
            ],
            "outputs": {
                "container_name": {
                    "sensitive": false,
                    "type": "string",
                    "value": "blog_prod"
                },
                "ip_address": {
                    "sensitive": false,
                    "type": "string",
                    "value": "172.17.0.3"
                }
            },
            "resources": {
                "docker_container.container_id": {
                    "type": "docker_container",
                    "depends_on": [
                        "docker_image.image_id"
                    ],
                    "primary": {
                        "id": "98d3de19a46b88f87a4c39bdf3ecf626c3eea52f51ff02aba76b78f803e36566",
                        "attributes": {
                            "attach": "false",
                            "bridge": "",
                            "gateway": "172.17.0.1",
                            "id": "98d3de19a46b88f87a4c39bdf3ecf626c3eea52f51ff02aba76b78f803e36566",
                            "image": "sha256:01e9befd511c2993f23b4e4addbdd8894b20247c6585795f607861a1f32c54dd",
                            "ip_address": "172.17.0.3",
                            "ip_prefix_length": "16",
                            "log_driver": "json-file",
                            "logs": "false",
                            "must_run": "true",
                            "name": "blog_prod",
                            "network_data.#": "1",
                            "network_data.0.gateway": "172.17.0.1",
                            "network_data.0.ip_address": "172.17.0.3",
                            "network_data.0.ip_prefix_length": "16",
                            "network_data.0.network_name": "bridge",
                            "ports.#": "1",
                            "ports.0.external": "80",
                            "ports.0.internal": "2368",
                            "ports.0.ip": "0.0.0.0",
                            "ports.0.protocol": "tcp",
                            "read_only": "false",
                            "restart": "no",
                            "rm": "false",
                            "start": "true"
                        },
                        "meta": {
                            "schema_version": "1"
                        },
                        "tainted": false
                    },
                    "deposed": [],
                    "provider": "provider.docker"
                },
                "docker_image.image_id": {
                    "type": "docker_image",
                    "depends_on": [],
                    "primary": {
                        "id": "sha256:01e9befd511c2993f23b4e4addbdd8894b20247c6585795f607861a1f32c54ddghost:alpine",
                        "attributes": {
                            "id": "sha256:01e9befd511c2993f23b4e4addbdd8894b20247c6585795f607861a1f32c54ddghost:alpine",
                            "latest": "sha256:01e9befd511c2993f23b4e4addbdd8894b20247c6585795f607861a1f32c54dd",
                            "name": "ghost:alpine"
                        },
                        "meta": {},
                        "tainted": false
                    },
                    "deposed": [],
                    "provider": "provider.docker"
                }
            },
            "depends_on": []
        }
    ]
}
